// !$*UTF8*$!
{
	archiveVersion = 1;
	classes = {
	};
	objectVersion = 56;
	objects = {

/* Begin PBXBuildFile section */
		14D6B6942A7F918E00222FB5 /* AppDelegate.swift in Sources */ = {isa = PBXBuildFile; fileRef = 14D6B6932A7F918E00222FB5 /* AppDelegate.swift */; };
		14D6B6962A7F918E00222FB5 /* SceneDelegate.swift in Sources */ = {isa = PBXBuildFile; fileRef = 14D6B6952A7F918E00222FB5 /* SceneDelegate.swift */; };
		14D6B69D2A7F919000222FB5 /* Assets.xcassets in Resources */ = {isa = PBXBuildFile; fileRef = 14D6B69C2A7F919000222FB5 /* Assets.xcassets */; };
		14D6B6A02A7F919000222FB5 /* LaunchScreen.storyboard in Resources */ = {isa = PBXBuildFile; fileRef = 14D6B69E2A7F919000222FB5 /* LaunchScreen.storyboard */; };
		14D6B6AB2A7F926A00222FB5 /* UIViewController.swift in Sources */ = {isa = PBXBuildFile; fileRef = 14D6B6AA2A7F926A00222FB5 /* UIViewController.swift */; };
		14D6B6AD2A7F927500222FB5 /* UIStoryboard.swift in Sources */ = {isa = PBXBuildFile; fileRef = 14D6B6AC2A7F927500222FB5 /* UIStoryboard.swift */; };
		14D6B6B12A7F932B00222FB5 /* Strings.swift in Sources */ = {isa = PBXBuildFile; fileRef = 14D6B6B02A7F932B00222FB5 /* Strings.swift */; };
		14D6B6B42A7F938000222FB5 /* TabBarViewController.swift in Sources */ = {isa = PBXBuildFile; fileRef = 14D6B6B32A7F938000222FB5 /* TabBarViewController.swift */; };
		14D6B6B72A7F93A200222FB5 /* LibraryViewController.swift in Sources */ = {isa = PBXBuildFile; fileRef = 14D6B6B62A7F93A200222FB5 /* LibraryViewController.swift */; };
		14D6B6B92A7F93B500222FB5 /* AuthViewController.swift in Sources */ = {isa = PBXBuildFile; fileRef = 14D6B6B82A7F93B500222FB5 /* AuthViewController.swift */; };
		14D6B6BB2A7F93BD00222FB5 /* WelcomeViewController.swift in Sources */ = {isa = PBXBuildFile; fileRef = 14D6B6BA2A7F93BD00222FB5 /* WelcomeViewController.swift */; };
		14D6B6BF2A7F93D800222FB5 /* ProfileViewController.swift in Sources */ = {isa = PBXBuildFile; fileRef = 14D6B6BE2A7F93D800222FB5 /* ProfileViewController.swift */; };
		14D6B6C12A7F93E200222FB5 /* PlayerViewController.swift in Sources */ = {isa = PBXBuildFile; fileRef = 14D6B6C02A7F93E200222FB5 /* PlayerViewController.swift */; };
		14D6B6C32A7F93F200222FB5 /* PlaylistViewController.swift in Sources */ = {isa = PBXBuildFile; fileRef = 14D6B6C22A7F93F200222FB5 /* PlaylistViewController.swift */; };
		14D6B6C62A7F940900222FB5 /* SearchResultsViewController.swift in Sources */ = {isa = PBXBuildFile; fileRef = 14D6B6C52A7F940900222FB5 /* SearchResultsViewController.swift */; };
		14D6B6CE2A7F944C00222FB5 /* WelcomeViewController.storyboard in Resources */ = {isa = PBXBuildFile; fileRef = 14D6B6CD2A7F944C00222FB5 /* WelcomeViewController.storyboard */; };
		14D6B6D12A7F948800222FB5 /* SettingsViewController.swift in Sources */ = {isa = PBXBuildFile; fileRef = 14D6B6CF2A7F948800222FB5 /* SettingsViewController.swift */; };
		14D6B6D42A7F94A100222FB5 /* SettingsViewController.storyboard in Resources */ = {isa = PBXBuildFile; fileRef = 14D6B6D32A7F94A100222FB5 /* SettingsViewController.storyboard */; };
		14D6B6D62A7F94B500222FB5 /* SearchResultsViewController.storyboard in Resources */ = {isa = PBXBuildFile; fileRef = 14D6B6D52A7F94B500222FB5 /* SearchResultsViewController.storyboard */; };
		14D6B6D82A7F94CB00222FB5 /* PlayerViewController.storyboard in Resources */ = {isa = PBXBuildFile; fileRef = 14D6B6D72A7F94CB00222FB5 /* PlayerViewController.storyboard */; };
		14D6B6DA2A7F94DA00222FB5 /* PlaylistViewController.storyboard in Resources */ = {isa = PBXBuildFile; fileRef = 14D6B6D92A7F94DA00222FB5 /* PlaylistViewController.storyboard */; };
		14D6B6DC2A7F94EF00222FB5 /* ProfileViewController.storyboard in Resources */ = {isa = PBXBuildFile; fileRef = 14D6B6DB2A7F94EF00222FB5 /* ProfileViewController.storyboard */; };
		14D6B6DE2A7F951B00222FB5 /* AuthViewController.storyboard in Resources */ = {isa = PBXBuildFile; fileRef = 14D6B6DD2A7F951B00222FB5 /* AuthViewController.storyboard */; };
		14D6B6E02A7F952D00222FB5 /* LibraryViewController.storyboard in Resources */ = {isa = PBXBuildFile; fileRef = 14D6B6DF2A7F952D00222FB5 /* LibraryViewController.storyboard */; };
		14D6B6E32A7F97C700222FB5 /* APICaller.swift in Sources */ = {isa = PBXBuildFile; fileRef = 14D6B6E22A7F97C700222FB5 /* APICaller.swift */; };
		14D6B6E52A7F97CE00222FB5 /* HapticsManager.swift in Sources */ = {isa = PBXBuildFile; fileRef = 14D6B6E42A7F97CE00222FB5 /* HapticsManager.swift */; };
		14D6B6E72A7F97D500222FB5 /* AuthManager.swift in Sources */ = {isa = PBXBuildFile; fileRef = 14D6B6E62A7F97D500222FB5 /* AuthManager.swift */; };
		14D6B6EA2A7F97EE00222FB5 /* AudioTrack.swift in Sources */ = {isa = PBXBuildFile; fileRef = 14D6B6E92A7F97EE00222FB5 /* AudioTrack.swift */; };
		14D6B6EC2A7F97F500222FB5 /* Playlist.swift in Sources */ = {isa = PBXBuildFile; fileRef = 14D6B6EB2A7F97F500222FB5 /* Playlist.swift */; };
		14D6B6EE2A7F97FC00222FB5 /* Artist.swift in Sources */ = {isa = PBXBuildFile; fileRef = 14D6B6ED2A7F97FC00222FB5 /* Artist.swift */; };
		14D6B6F02A7F980700222FB5 /* UserProfile.swift in Sources */ = {isa = PBXBuildFile; fileRef = 14D6B6EF2A7F980700222FB5 /* UserProfile.swift */; };
		14D6B6F22A7F99AC00222FB5 /* UIColor.swift in Sources */ = {isa = PBXBuildFile; fileRef = 14D6B6F12A7F99AC00222FB5 /* UIColor.swift */; };
		14D6B6F62A7F9DE300222FB5 /* SearchViewController.swift in Sources */ = {isa = PBXBuildFile; fileRef = 14D6B6F52A7F9DE300222FB5 /* SearchViewController.swift */; };
		14D6B6F82A7F9DEE00222FB5 /* SearchViewController.storyboard in Resources */ = {isa = PBXBuildFile; fileRef = 14D6B6F72A7F9DEE00222FB5 /* SearchViewController.storyboard */; };
		14D6B6FA2A7F9DFE00222FB5 /* HomeViewController.swift in Sources */ = {isa = PBXBuildFile; fileRef = 14D6B6F92A7F9DFE00222FB5 /* HomeViewController.swift */; };
		14D6B6FC2A7F9E0A00222FB5 /* HomeViewController.storyboard in Resources */ = {isa = PBXBuildFile; fileRef = 14D6B6FB2A7F9E0A00222FB5 /* HomeViewController.storyboard */; };
		14D6B6FE2A7FA1B000222FB5 /* UIImage.swift in Sources */ = {isa = PBXBuildFile; fileRef = 14D6B6FD2A7FA1B000222FB5 /* UIImage.swift */; };
		14D6B7002A7FA3EE00222FB5 /* UIFont.swift in Sources */ = {isa = PBXBuildFile; fileRef = 14D6B6FF2A7FA3EE00222FB5 /* UIFont.swift */; };
		14D6B7022A7FE1A500222FB5 /* UIButton.swift in Sources */ = {isa = PBXBuildFile; fileRef = 14D6B7012A7FE1A500222FB5 /* UIButton.swift */; };
		14D6B7042A7FFD7500222FB5 /* Constants.swift in Sources */ = {isa = PBXBuildFile; fileRef = 14D6B7032A7FFD7500222FB5 /* Constants.swift */; };
		14D6B7062A800CB600222FB5 /* ErrorManager.swift in Sources */ = {isa = PBXBuildFile; fileRef = 14D6B7052A800CB600222FB5 /* ErrorManager.swift */; };
		14D6B7082A80128600222FB5 /* AuthResponse.swift in Sources */ = {isa = PBXBuildFile; fileRef = 14D6B7072A80128600222FB5 /* AuthResponse.swift */; };
		14D6B70A2A80227E00222FB5 /* ProfileViewModel.swift in Sources */ = {isa = PBXBuildFile; fileRef = 14D6B7092A80227E00222FB5 /* ProfileViewModel.swift */; };
		14D6B70C2A80404900222FB5 /* HomeViewModel.swift in Sources */ = {isa = PBXBuildFile; fileRef = 14D6B70B2A80404900222FB5 /* HomeViewModel.swift */; };
		14D6B70E2A8040A000222FB5 /* TabBarViewModel.swift in Sources */ = {isa = PBXBuildFile; fileRef = 14D6B70D2A8040A000222FB5 /* TabBarViewModel.swift */; };
		14D6B7102A8040D300222FB5 /* LibraryViewModel.swift in Sources */ = {isa = PBXBuildFile; fileRef = 14D6B70F2A8040D300222FB5 /* LibraryViewModel.swift */; };
		14D6B7122A8040ED00222FB5 /* SearchViewModel.swift in Sources */ = {isa = PBXBuildFile; fileRef = 14D6B7112A8040ED00222FB5 /* SearchViewModel.swift */; };
		14D6B7142A8046A900222FB5 /* SettingsViewModel.swift in Sources */ = {isa = PBXBuildFile; fileRef = 14D6B7132A8046A900222FB5 /* SettingsViewModel.swift */; };
		14D6B7162A8055B800222FB5 /* UIView.swift in Sources */ = {isa = PBXBuildFile; fileRef = 14D6B7152A8055B800222FB5 /* UIView.swift */; };
		14D6B7192A805E7500222FB5 /* SDWebImage in Frameworks */ = {isa = PBXBuildFile; productRef = 14D6B7182A805E7500222FB5 /* SDWebImage */; };
/* End PBXBuildFile section */

/* Begin PBXFileReference section */
		14D6B6902A7F918E00222FB5 /* Spotify.app */ = {isa = PBXFileReference; explicitFileType = wrapper.application; includeInIndex = 0; path = Spotify.app; sourceTree = BUILT_PRODUCTS_DIR; };
		14D6B6932A7F918E00222FB5 /* AppDelegate.swift */ = {isa = PBXFileReference; lastKnownFileType = sourcecode.swift; path = AppDelegate.swift; sourceTree = "<group>"; };
		14D6B6952A7F918E00222FB5 /* SceneDelegate.swift */ = {isa = PBXFileReference; lastKnownFileType = sourcecode.swift; path = SceneDelegate.swift; sourceTree = "<group>"; };
		14D6B69C2A7F919000222FB5 /* Assets.xcassets */ = {isa = PBXFileReference; lastKnownFileType = folder.assetcatalog; path = Assets.xcassets; sourceTree = "<group>"; };
		14D6B69F2A7F919000222FB5 /* Base */ = {isa = PBXFileReference; lastKnownFileType = file.storyboard; name = Base; path = Base.lproj/LaunchScreen.storyboard; sourceTree = "<group>"; };
		14D6B6A12A7F919000222FB5 /* Info.plist */ = {isa = PBXFileReference; lastKnownFileType = text.plist.xml; path = Info.plist; sourceTree = "<group>"; };
		14D6B6AA2A7F926A00222FB5 /* UIViewController.swift */ = {isa = PBXFileReference; lastKnownFileType = sourcecode.swift; path = UIViewController.swift; sourceTree = "<group>"; };
		14D6B6AC2A7F927500222FB5 /* UIStoryboard.swift */ = {isa = PBXFileReference; lastKnownFileType = sourcecode.swift; path = UIStoryboard.swift; sourceTree = "<group>"; };
		14D6B6B02A7F932B00222FB5 /* Strings.swift */ = {isa = PBXFileReference; lastKnownFileType = sourcecode.swift; path = Strings.swift; sourceTree = "<group>"; };
		14D6B6B32A7F938000222FB5 /* TabBarViewController.swift */ = {isa = PBXFileReference; lastKnownFileType = sourcecode.swift; path = TabBarViewController.swift; sourceTree = "<group>"; };
		14D6B6B62A7F93A200222FB5 /* LibraryViewController.swift */ = {isa = PBXFileReference; lastKnownFileType = sourcecode.swift; path = LibraryViewController.swift; sourceTree = "<group>"; };
		14D6B6B82A7F93B500222FB5 /* AuthViewController.swift */ = {isa = PBXFileReference; lastKnownFileType = sourcecode.swift; path = AuthViewController.swift; sourceTree = "<group>"; };
		14D6B6BA2A7F93BD00222FB5 /* WelcomeViewController.swift */ = {isa = PBXFileReference; lastKnownFileType = sourcecode.swift; path = WelcomeViewController.swift; sourceTree = "<group>"; };
		14D6B6BE2A7F93D800222FB5 /* ProfileViewController.swift */ = {isa = PBXFileReference; lastKnownFileType = sourcecode.swift; path = ProfileViewController.swift; sourceTree = "<group>"; };
		14D6B6C02A7F93E200222FB5 /* PlayerViewController.swift */ = {isa = PBXFileReference; lastKnownFileType = sourcecode.swift; path = PlayerViewController.swift; sourceTree = "<group>"; };
		14D6B6C22A7F93F200222FB5 /* PlaylistViewController.swift */ = {isa = PBXFileReference; lastKnownFileType = sourcecode.swift; path = PlaylistViewController.swift; sourceTree = "<group>"; };
		14D6B6C52A7F940900222FB5 /* SearchResultsViewController.swift */ = {isa = PBXFileReference; lastKnownFileType = sourcecode.swift; path = SearchResultsViewController.swift; sourceTree = "<group>"; };
		14D6B6CD2A7F944C00222FB5 /* WelcomeViewController.storyboard */ = {isa = PBXFileReference; lastKnownFileType = file.storyboard; path = WelcomeViewController.storyboard; sourceTree = "<group>"; };
		14D6B6CF2A7F948800222FB5 /* SettingsViewController.swift */ = {isa = PBXFileReference; lastKnownFileType = sourcecode.swift; path = SettingsViewController.swift; sourceTree = "<group>"; };
		14D6B6D32A7F94A100222FB5 /* SettingsViewController.storyboard */ = {isa = PBXFileReference; lastKnownFileType = file.storyboard; path = SettingsViewController.storyboard; sourceTree = "<group>"; };
		14D6B6D52A7F94B500222FB5 /* SearchResultsViewController.storyboard */ = {isa = PBXFileReference; lastKnownFileType = file.storyboard; path = SearchResultsViewController.storyboard; sourceTree = "<group>"; };
		14D6B6D72A7F94CB00222FB5 /* PlayerViewController.storyboard */ = {isa = PBXFileReference; lastKnownFileType = file.storyboard; path = PlayerViewController.storyboard; sourceTree = "<group>"; };
		14D6B6D92A7F94DA00222FB5 /* PlaylistViewController.storyboard */ = {isa = PBXFileReference; lastKnownFileType = file.storyboard; path = PlaylistViewController.storyboard; sourceTree = "<group>"; };
		14D6B6DB2A7F94EF00222FB5 /* ProfileViewController.storyboard */ = {isa = PBXFileReference; lastKnownFileType = file.storyboard; path = ProfileViewController.storyboard; sourceTree = "<group>"; };
		14D6B6DD2A7F951B00222FB5 /* AuthViewController.storyboard */ = {isa = PBXFileReference; lastKnownFileType = file.storyboard; path = AuthViewController.storyboard; sourceTree = "<group>"; };
		14D6B6DF2A7F952D00222FB5 /* LibraryViewController.storyboard */ = {isa = PBXFileReference; lastKnownFileType = file.storyboard; path = LibraryViewController.storyboard; sourceTree = "<group>"; };
		14D6B6E22A7F97C700222FB5 /* APICaller.swift */ = {isa = PBXFileReference; lastKnownFileType = sourcecode.swift; path = APICaller.swift; sourceTree = "<group>"; };
		14D6B6E42A7F97CE00222FB5 /* HapticsManager.swift */ = {isa = PBXFileReference; lastKnownFileType = sourcecode.swift; path = HapticsManager.swift; sourceTree = "<group>"; };
		14D6B6E62A7F97D500222FB5 /* AuthManager.swift */ = {isa = PBXFileReference; lastKnownFileType = sourcecode.swift; path = AuthManager.swift; sourceTree = "<group>"; };
		14D6B6E92A7F97EE00222FB5 /* AudioTrack.swift */ = {isa = PBXFileReference; lastKnownFileType = sourcecode.swift; path = AudioTrack.swift; sourceTree = "<group>"; };
		14D6B6EB2A7F97F500222FB5 /* Playlist.swift */ = {isa = PBXFileReference; lastKnownFileType = sourcecode.swift; path = Playlist.swift; sourceTree = "<group>"; };
		14D6B6ED2A7F97FC00222FB5 /* Artist.swift */ = {isa = PBXFileReference; lastKnownFileType = sourcecode.swift; path = Artist.swift; sourceTree = "<group>"; };
		14D6B6EF2A7F980700222FB5 /* UserProfile.swift */ = {isa = PBXFileReference; lastKnownFileType = sourcecode.swift; path = UserProfile.swift; sourceTree = "<group>"; };
		14D6B6F12A7F99AC00222FB5 /* UIColor.swift */ = {isa = PBXFileReference; lastKnownFileType = sourcecode.swift; path = UIColor.swift; sourceTree = "<group>"; };
		14D6B6F52A7F9DE300222FB5 /* SearchViewController.swift */ = {isa = PBXFileReference; lastKnownFileType = sourcecode.swift; path = SearchViewController.swift; sourceTree = "<group>"; };
		14D6B6F72A7F9DEE00222FB5 /* SearchViewController.storyboard */ = {isa = PBXFileReference; lastKnownFileType = file.storyboard; path = SearchViewController.storyboard; sourceTree = "<group>"; };
		14D6B6F92A7F9DFE00222FB5 /* HomeViewController.swift */ = {isa = PBXFileReference; lastKnownFileType = sourcecode.swift; path = HomeViewController.swift; sourceTree = "<group>"; };
		14D6B6FB2A7F9E0A00222FB5 /* HomeViewController.storyboard */ = {isa = PBXFileReference; lastKnownFileType = file.storyboard; path = HomeViewController.storyboard; sourceTree = "<group>"; };
		14D6B6FD2A7FA1B000222FB5 /* UIImage.swift */ = {isa = PBXFileReference; lastKnownFileType = sourcecode.swift; path = UIImage.swift; sourceTree = "<group>"; };
		14D6B6FF2A7FA3EE00222FB5 /* UIFont.swift */ = {isa = PBXFileReference; lastKnownFileType = sourcecode.swift; path = UIFont.swift; sourceTree = "<group>"; };
		14D6B7012A7FE1A500222FB5 /* UIButton.swift */ = {isa = PBXFileReference; lastKnownFileType = sourcecode.swift; path = UIButton.swift; sourceTree = "<group>"; };
		14D6B7032A7FFD7500222FB5 /* Constants.swift */ = {isa = PBXFileReference; lastKnownFileType = sourcecode.swift; path = Constants.swift; sourceTree = "<group>"; };
		14D6B7052A800CB600222FB5 /* ErrorManager.swift */ = {isa = PBXFileReference; lastKnownFileType = sourcecode.swift; path = ErrorManager.swift; sourceTree = "<group>"; };
		14D6B7072A80128600222FB5 /* AuthResponse.swift */ = {isa = PBXFileReference; lastKnownFileType = sourcecode.swift; path = AuthResponse.swift; sourceTree = "<group>"; };
		14D6B7092A80227E00222FB5 /* ProfileViewModel.swift */ = {isa = PBXFileReference; lastKnownFileType = sourcecode.swift; path = ProfileViewModel.swift; sourceTree = "<group>"; };
		14D6B70B2A80404900222FB5 /* HomeViewModel.swift */ = {isa = PBXFileReference; lastKnownFileType = sourcecode.swift; path = HomeViewModel.swift; sourceTree = "<group>"; };
		14D6B70D2A8040A000222FB5 /* TabBarViewModel.swift */ = {isa = PBXFileReference; lastKnownFileType = sourcecode.swift; path = TabBarViewModel.swift; sourceTree = "<group>"; };
		14D6B70F2A8040D300222FB5 /* LibraryViewModel.swift */ = {isa = PBXFileReference; lastKnownFileType = sourcecode.swift; path = LibraryViewModel.swift; sourceTree = "<group>"; };
		14D6B7112A8040ED00222FB5 /* SearchViewModel.swift */ = {isa = PBXFileReference; lastKnownFileType = sourcecode.swift; path = SearchViewModel.swift; sourceTree = "<group>"; };
		14D6B7132A8046A900222FB5 /* SettingsViewModel.swift */ = {isa = PBXFileReference; lastKnownFileType = sourcecode.swift; path = SettingsViewModel.swift; sourceTree = "<group>"; };
		14D6B7152A8055B800222FB5 /* UIView.swift */ = {isa = PBXFileReference; lastKnownFileType = sourcecode.swift; path = UIView.swift; sourceTree = "<group>"; };
/* End PBXFileReference section */

/* Begin PBXFrameworksBuildPhase section */
		14D6B68D2A7F918E00222FB5 /* Frameworks */ = {
			isa = PBXFrameworksBuildPhase;
			buildActionMask = 2147483647;
			files = (
				14D6B7192A805E7500222FB5 /* SDWebImage in Frameworks */,
			);
			runOnlyForDeploymentPostprocessing = 0;
		};
/* End PBXFrameworksBuildPhase section */

/* Begin PBXGroup section */
		14D6B6872A7F918E00222FB5 = {
			isa = PBXGroup;
			children = (
				14D6B6922A7F918E00222FB5 /* Spotify */,
				14D6B6912A7F918E00222FB5 /* Products */,
			);
			sourceTree = "<group>";
		};
		14D6B6912A7F918E00222FB5 /* Products */ = {
			isa = PBXGroup;
			children = (
				14D6B6902A7F918E00222FB5 /* Spotify.app */,
			);
			name = Products;
			sourceTree = "<group>";
		};
		14D6B6922A7F918E00222FB5 /* Spotify */ = {
			isa = PBXGroup;
			children = (
				14D6B6E82A7F97E400222FB5 /* Model */,
				14D6B6A12A7F919000222FB5 /* Info.plist */,
				14D6B6AF2A7F932000222FB5 /* Utils */,
				14D6B6A92A7F91B200222FB5 /* ViewControllers */,
				14D6B6A82A7F91A100222FB5 /* Resources */,
				14D6B6A72A7F919700222FB5 /* Extensions */,
				14D6B6E12A7F97A700222FB5 /* Managers */,
			);
			path = Spotify;
			sourceTree = "<group>";
		};
		14D6B6A72A7F919700222FB5 /* Extensions */ = {
			isa = PBXGroup;
			children = (
				14D6B6AA2A7F926A00222FB5 /* UIViewController.swift */,
				14D6B6AC2A7F927500222FB5 /* UIStoryboard.swift */,
				14D6B6F12A7F99AC00222FB5 /* UIColor.swift */,
				14D6B6FD2A7FA1B000222FB5 /* UIImage.swift */,
				14D6B6FF2A7FA3EE00222FB5 /* UIFont.swift */,
				14D6B7012A7FE1A500222FB5 /* UIButton.swift */,
				14D6B7152A8055B800222FB5 /* UIView.swift */,
			);
			path = Extensions;
			sourceTree = "<group>";
		};
		14D6B6A82A7F91A100222FB5 /* Resources */ = {
			isa = PBXGroup;
			children = (
				14D6B6932A7F918E00222FB5 /* AppDelegate.swift */,
				14D6B6952A7F918E00222FB5 /* SceneDelegate.swift */,
				14D6B69C2A7F919000222FB5 /* Assets.xcassets */,
				14D6B69E2A7F919000222FB5 /* LaunchScreen.storyboard */,
				14D6B7032A7FFD7500222FB5 /* Constants.swift */,
			);
			path = Resources;
			sourceTree = "<group>";
		};
		14D6B6A92A7F91B200222FB5 /* ViewControllers */ = {
			isa = PBXGroup;
			children = (
				14D6B6CC2A7F943800222FB5 /* Welcome */,
				14D6B6B22A7F936B00222FB5 /* Tab */,
				14D6B6F32A7F9DB300222FB5 /* Home */,
				14D6B6F42A7F9DD100222FB5 /* Search */,
				14D6B6CA2A7F941F00222FB5 /* SearchResults */,
				14D6B6B52A7F939200222FB5 /* Library */,
				14D6B6CB2A7F943200222FB5 /* Settings */,
				14D6B6C92A7F941A00222FB5 /* Player */,
				14D6B6C82A7F941400222FB5 /* Playlist */,
				14D6B6C72A7F940D00222FB5 /* Profile */,
				14D6B6C42A7F93FA00222FB5 /* Auth */,
			);
			path = ViewControllers;
			sourceTree = "<group>";
		};
		14D6B6AF2A7F932000222FB5 /* Utils */ = {
			isa = PBXGroup;
			children = (
				14D6B6B02A7F932B00222FB5 /* Strings.swift */,
			);
			path = Utils;
			sourceTree = "<group>";
		};
		14D6B6B22A7F936B00222FB5 /* Tab */ = {
			isa = PBXGroup;
			children = (
				14D6B6B32A7F938000222FB5 /* TabBarViewController.swift */,
				14D6B70D2A8040A000222FB5 /* TabBarViewModel.swift */,
			);
			path = Tab;
			sourceTree = "<group>";
		};
		14D6B6B52A7F939200222FB5 /* Library */ = {
			isa = PBXGroup;
			children = (
				14D6B6B62A7F93A200222FB5 /* LibraryViewController.swift */,
				14D6B6DF2A7F952D00222FB5 /* LibraryViewController.storyboard */,
				14D6B70F2A8040D300222FB5 /* LibraryViewModel.swift */,
			);
			path = Library;
			sourceTree = "<group>";
		};
		14D6B6C42A7F93FA00222FB5 /* Auth */ = {
			isa = PBXGroup;
			children = (
				14D6B6B82A7F93B500222FB5 /* AuthViewController.swift */,
				14D6B6DD2A7F951B00222FB5 /* AuthViewController.storyboard */,
			);
			path = Auth;
			sourceTree = "<group>";
		};
		14D6B6C72A7F940D00222FB5 /* Profile */ = {
			isa = PBXGroup;
			children = (
				14D6B6BE2A7F93D800222FB5 /* ProfileViewController.swift */,
				14D6B6DB2A7F94EF00222FB5 /* ProfileViewController.storyboard */,
				14D6B7092A80227E00222FB5 /* ProfileViewModel.swift */,
			);
			path = Profile;
			sourceTree = "<group>";
		};
		14D6B6C82A7F941400222FB5 /* Playlist */ = {
			isa = PBXGroup;
			children = (
				14D6B6C22A7F93F200222FB5 /* PlaylistViewController.swift */,
				14D6B6D92A7F94DA00222FB5 /* PlaylistViewController.storyboard */,
			);
			path = Playlist;
			sourceTree = "<group>";
		};
		14D6B6C92A7F941A00222FB5 /* Player */ = {
			isa = PBXGroup;
			children = (
				14D6B6C02A7F93E200222FB5 /* PlayerViewController.swift */,
				14D6B6D72A7F94CB00222FB5 /* PlayerViewController.storyboard */,
			);
			path = Player;
			sourceTree = "<group>";
		};
		14D6B6CA2A7F941F00222FB5 /* SearchResults */ = {
			isa = PBXGroup;
			children = (
				14D6B6C52A7F940900222FB5 /* SearchResultsViewController.swift */,
				14D6B6D52A7F94B500222FB5 /* SearchResultsViewController.storyboard */,
			);
			path = SearchResults;
			sourceTree = "<group>";
		};
		14D6B6CB2A7F943200222FB5 /* Settings */ = {
			isa = PBXGroup;
			children = (
				14D6B6CF2A7F948800222FB5 /* SettingsViewController.swift */,
				14D6B6D32A7F94A100222FB5 /* SettingsViewController.storyboard */,
				14D6B7132A8046A900222FB5 /* SettingsViewModel.swift */,
			);
			path = Settings;
			sourceTree = "<group>";
		};
		14D6B6CC2A7F943800222FB5 /* Welcome */ = {
			isa = PBXGroup;
			children = (
				14D6B6BA2A7F93BD00222FB5 /* WelcomeViewController.swift */,
				14D6B6CD2A7F944C00222FB5 /* WelcomeViewController.storyboard */,
			);
			path = Welcome;
			sourceTree = "<group>";
		};
		14D6B6E12A7F97A700222FB5 /* Managers */ = {
			isa = PBXGroup;
			children = (
				14D6B6E22A7F97C700222FB5 /* APICaller.swift */,
				14D6B6E42A7F97CE00222FB5 /* HapticsManager.swift */,
				14D6B6E62A7F97D500222FB5 /* AuthManager.swift */,
				14D6B7052A800CB600222FB5 /* ErrorManager.swift */,
			);
			path = Managers;
			sourceTree = "<group>";
		};
		14D6B6E82A7F97E400222FB5 /* Model */ = {
			isa = PBXGroup;
			children = (
				14D6B6E92A7F97EE00222FB5 /* AudioTrack.swift */,
				14D6B6EB2A7F97F500222FB5 /* Playlist.swift */,
				14D6B6ED2A7F97FC00222FB5 /* Artist.swift */,
				14D6B6EF2A7F980700222FB5 /* UserProfile.swift */,
				14D6B7072A80128600222FB5 /* AuthResponse.swift */,
			);
			path = Model;
			sourceTree = "<group>";
		};
		14D6B6F32A7F9DB300222FB5 /* Home */ = {
			isa = PBXGroup;
			children = (
				14D6B6F92A7F9DFE00222FB5 /* HomeViewController.swift */,
				14D6B6FB2A7F9E0A00222FB5 /* HomeViewController.storyboard */,
				14D6B70B2A80404900222FB5 /* HomeViewModel.swift */,
			);
			path = Home;
			sourceTree = "<group>";
		};
		14D6B6F42A7F9DD100222FB5 /* Search */ = {
			isa = PBXGroup;
			children = (
				14D6B6F52A7F9DE300222FB5 /* SearchViewController.swift */,
				14D6B6F72A7F9DEE00222FB5 /* SearchViewController.storyboard */,
				14D6B7112A8040ED00222FB5 /* SearchViewModel.swift */,
			);
			path = Search;
			sourceTree = "<group>";
		};
/* End PBXGroup section */

/* Begin PBXNativeTarget section */
		14D6B68F2A7F918E00222FB5 /* Spotify */ = {
			isa = PBXNativeTarget;
			buildConfigurationList = 14D6B6A42A7F919000222FB5 /* Build configuration list for PBXNativeTarget "Spotify" */;
			buildPhases = (
				14D6B68C2A7F918E00222FB5 /* Sources */,
				14D6B68D2A7F918E00222FB5 /* Frameworks */,
				14D6B68E2A7F918E00222FB5 /* Resources */,
			);
			buildRules = (
			);
			dependencies = (
			);
			name = Spotify;
			packageProductDependencies = (
				14D6B7182A805E7500222FB5 /* SDWebImage */,
			);
			productName = Spotify;
			productReference = 14D6B6902A7F918E00222FB5 /* Spotify.app */;
			productType = "com.apple.product-type.application";
		};
/* End PBXNativeTarget section */

/* Begin PBXProject section */
		14D6B6882A7F918E00222FB5 /* Project object */ = {
			isa = PBXProject;
			attributes = {
				BuildIndependentTargetsInParallel = 1;
				LastSwiftUpdateCheck = 1430;
				LastUpgradeCheck = 1430;
				TargetAttributes = {
					14D6B68F2A7F918E00222FB5 = {
						CreatedOnToolsVersion = 14.3.1;
					};
				};
			};
			buildConfigurationList = 14D6B68B2A7F918E00222FB5 /* Build configuration list for PBXProject "Spotify" */;
			compatibilityVersion = "Xcode 14.0";
			developmentRegion = en;
			hasScannedForEncodings = 0;
			knownRegions = (
				en,
				Base,
			);
			mainGroup = 14D6B6872A7F918E00222FB5;
			packageReferences = (
				14D6B7172A805E7500222FB5 /* XCRemoteSwiftPackageReference "SDWebImage" */,
				14D6B71A2A805EDC00222FB5 /* XCRemoteSwiftPackageReference "appirater" */,
			);
			productRefGroup = 14D6B6912A7F918E00222FB5 /* Products */;
			projectDirPath = "";
			projectRoot = "";
			targets = (
				14D6B68F2A7F918E00222FB5 /* Spotify */,
			);
		};
/* End PBXProject section */

/* Begin PBXResourcesBuildPhase section */
		14D6B68E2A7F918E00222FB5 /* Resources */ = {
			isa = PBXResourcesBuildPhase;
			buildActionMask = 2147483647;
			files = (
				14D6B6D82A7F94CB00222FB5 /* PlayerViewController.storyboard in Resources */,
				14D6B6CE2A7F944C00222FB5 /* WelcomeViewController.storyboard in Resources */,
				14D6B6F82A7F9DEE00222FB5 /* SearchViewController.storyboard in Resources */,
				14D6B6DA2A7F94DA00222FB5 /* PlaylistViewController.storyboard in Resources */,
				14D6B6A02A7F919000222FB5 /* LaunchScreen.storyboard in Resources */,
				14D6B6D62A7F94B500222FB5 /* SearchResultsViewController.storyboard in Resources */,
				14D6B6DC2A7F94EF00222FB5 /* ProfileViewController.storyboard in Resources */,
				14D6B6D42A7F94A100222FB5 /* SettingsViewController.storyboard in Resources */,
				14D6B6FC2A7F9E0A00222FB5 /* HomeViewController.storyboard in Resources */,
				14D6B6DE2A7F951B00222FB5 /* AuthViewController.storyboard in Resources */,
				14D6B69D2A7F919000222FB5 /* Assets.xcassets in Resources */,
				14D6B6E02A7F952D00222FB5 /* LibraryViewController.storyboard in Resources */,
			);
			runOnlyForDeploymentPostprocessing = 0;
		};
/* End PBXResourcesBuildPhase section */

/* Begin PBXSourcesBuildPhase section */
		14D6B68C2A7F918E00222FB5 /* Sources */ = {
			isa = PBXSourcesBuildPhase;
			buildActionMask = 2147483647;
			files = (
				14D6B6BB2A7F93BD00222FB5 /* WelcomeViewController.swift in Sources */,
				14D6B7122A8040ED00222FB5 /* SearchViewModel.swift in Sources */,
				14D6B6FE2A7FA1B000222FB5 /* UIImage.swift in Sources */,
				14D6B6C32A7F93F200222FB5 /* PlaylistViewController.swift in Sources */,
				14D6B7162A8055B800222FB5 /* UIView.swift in Sources */,
				14D6B70C2A80404900222FB5 /* HomeViewModel.swift in Sources */,
				14D6B6F02A7F980700222FB5 /* UserProfile.swift in Sources */,
				14D6B6C62A7F940900222FB5 /* SearchResultsViewController.swift in Sources */,
				14D6B6AD2A7F927500222FB5 /* UIStoryboard.swift in Sources */,
				14D6B6EC2A7F97F500222FB5 /* Playlist.swift in Sources */,
				14D6B6B72A7F93A200222FB5 /* LibraryViewController.swift in Sources */,
				14D6B6F22A7F99AC00222FB5 /* UIColor.swift in Sources */,
				14D6B6942A7F918E00222FB5 /* AppDelegate.swift in Sources */,
				14D6B6E52A7F97CE00222FB5 /* HapticsManager.swift in Sources */,
				14D6B7042A7FFD7500222FB5 /* Constants.swift in Sources */,
				14D6B70A2A80227E00222FB5 /* ProfileViewModel.swift in Sources */,
				14D6B7062A800CB600222FB5 /* ErrorManager.swift in Sources */,
				14D6B6E72A7F97D500222FB5 /* AuthManager.swift in Sources */,
				14D6B7102A8040D300222FB5 /* LibraryViewModel.swift in Sources */,
				14D6B6FA2A7F9DFE00222FB5 /* HomeViewController.swift in Sources */,
				14D6B6EA2A7F97EE00222FB5 /* AudioTrack.swift in Sources */,
				14D6B6BF2A7F93D800222FB5 /* ProfileViewController.swift in Sources */,
				14D6B6F62A7F9DE300222FB5 /* SearchViewController.swift in Sources */,
				14D6B6D12A7F948800222FB5 /* SettingsViewController.swift in Sources */,
				14D6B6C12A7F93E200222FB5 /* PlayerViewController.swift in Sources */,
				14D6B6AB2A7F926A00222FB5 /* UIViewController.swift in Sources */,
				14D6B6B42A7F938000222FB5 /* TabBarViewController.swift in Sources */,
				14D6B6B12A7F932B00222FB5 /* Strings.swift in Sources */,
				14D6B6B92A7F93B500222FB5 /* AuthViewController.swift in Sources */,
				14D6B7002A7FA3EE00222FB5 /* UIFont.swift in Sources */,
				14D6B6E32A7F97C700222FB5 /* APICaller.swift in Sources */,
				14D6B6EE2A7F97FC00222FB5 /* Artist.swift in Sources */,
				14D6B6962A7F918E00222FB5 /* SceneDelegate.swift in Sources */,
				14D6B7082A80128600222FB5 /* AuthResponse.swift in Sources */,
				14D6B70E2A8040A000222FB5 /* TabBarViewModel.swift in Sources */,
				14D6B7022A7FE1A500222FB5 /* UIButton.swift in Sources */,
				14D6B7142A8046A900222FB5 /* SettingsViewModel.swift in Sources */,
			);
			runOnlyForDeploymentPostprocessing = 0;
		};
/* End PBXSourcesBuildPhase section */

/* Begin PBXVariantGroup section */
		14D6B69E2A7F919000222FB5 /* LaunchScreen.storyboard */ = {
			isa = PBXVariantGroup;
			children = (
				14D6B69F2A7F919000222FB5 /* Base */,
			);
			name = LaunchScreen.storyboard;
			sourceTree = "<group>";
		};
/* End PBXVariantGroup section */

/* Begin XCBuildConfiguration section */
		14D6B6A22A7F919000222FB5 /* Debug */ = {
			isa = XCBuildConfiguration;
			buildSettings = {
				ALWAYS_SEARCH_USER_PATHS = NO;
				CLANG_ANALYZER_NONNULL = YES;
				CLANG_ANALYZER_NUMBER_OBJECT_CONVERSION = YES_AGGRESSIVE;
				CLANG_CXX_LANGUAGE_STANDARD = "gnu++20";
				CLANG_ENABLE_MODULES = YES;
				CLANG_ENABLE_OBJC_ARC = YES;
				CLANG_ENABLE_OBJC_WEAK = YES;
				CLANG_WARN_BLOCK_CAPTURE_AUTORELEASING = YES;
				CLANG_WARN_BOOL_CONVERSION = YES;
				CLANG_WARN_COMMA = YES;
				CLANG_WARN_CONSTANT_CONVERSION = YES;
				CLANG_WARN_DEPRECATED_OBJC_IMPLEMENTATIONS = YES;
				CLANG_WARN_DIRECT_OBJC_ISA_USAGE = YES_ERROR;
				CLANG_WARN_DOCUMENTATION_COMMENTS = YES;
				CLANG_WARN_EMPTY_BODY = YES;
				CLANG_WARN_ENUM_CONVERSION = YES;
				CLANG_WARN_INFINITE_RECURSION = YES;
				CLANG_WARN_INT_CONVERSION = YES;
				CLANG_WARN_NON_LITERAL_NULL_CONVERSION = YES;
				CLANG_WARN_OBJC_IMPLICIT_RETAIN_SELF = YES;
				CLANG_WARN_OBJC_LITERAL_CONVERSION = YES;
				CLANG_WARN_OBJC_ROOT_CLASS = YES_ERROR;
				CLANG_WARN_QUOTED_INCLUDE_IN_FRAMEWORK_HEADER = YES;
				CLANG_WARN_RANGE_LOOP_ANALYSIS = YES;
				CLANG_WARN_STRICT_PROTOTYPES = YES;
				CLANG_WARN_SUSPICIOUS_MOVE = YES;
				CLANG_WARN_UNGUARDED_AVAILABILITY = YES_AGGRESSIVE;
				CLANG_WARN_UNREACHABLE_CODE = YES;
				CLANG_WARN__DUPLICATE_METHOD_MATCH = YES;
				COPY_PHASE_STRIP = NO;
				DEBUG_INFORMATION_FORMAT = dwarf;
				ENABLE_STRICT_OBJC_MSGSEND = YES;
				ENABLE_TESTABILITY = YES;
				GCC_C_LANGUAGE_STANDARD = gnu11;
				GCC_DYNAMIC_NO_PIC = NO;
				GCC_NO_COMMON_BLOCKS = YES;
				GCC_OPTIMIZATION_LEVEL = 0;
				GCC_PREPROCESSOR_DEFINITIONS = (
					"DEBUG=1",
					"$(inherited)",
				);
				GCC_WARN_64_TO_32_BIT_CONVERSION = YES;
				GCC_WARN_ABOUT_RETURN_TYPE = YES_ERROR;
				GCC_WARN_UNDECLARED_SELECTOR = YES;
				GCC_WARN_UNINITIALIZED_AUTOS = YES_AGGRESSIVE;
				GCC_WARN_UNUSED_FUNCTION = YES;
				GCC_WARN_UNUSED_VARIABLE = YES;
				IPHONEOS_DEPLOYMENT_TARGET = 16.4;
				MTL_ENABLE_DEBUG_INFO = INCLUDE_SOURCE;
				MTL_FAST_MATH = YES;
				ONLY_ACTIVE_ARCH = YES;
				SDKROOT = iphoneos;
				SWIFT_ACTIVE_COMPILATION_CONDITIONS = DEBUG;
				SWIFT_OPTIMIZATION_LEVEL = "-Onone";
			};
			name = Debug;
		};
		14D6B6A32A7F919000222FB5 /* Release */ = {
			isa = XCBuildConfiguration;
			buildSettings = {
				ALWAYS_SEARCH_USER_PATHS = NO;
				CLANG_ANALYZER_NONNULL = YES;
				CLANG_ANALYZER_NUMBER_OBJECT_CONVERSION = YES_AGGRESSIVE;
				CLANG_CXX_LANGUAGE_STANDARD = "gnu++20";
				CLANG_ENABLE_MODULES = YES;
				CLANG_ENABLE_OBJC_ARC = YES;
				CLANG_ENABLE_OBJC_WEAK = YES;
				CLANG_WARN_BLOCK_CAPTURE_AUTORELEASING = YES;
				CLANG_WARN_BOOL_CONVERSION = YES;
				CLANG_WARN_COMMA = YES;
				CLANG_WARN_CONSTANT_CONVERSION = YES;
				CLANG_WARN_DEPRECATED_OBJC_IMPLEMENTATIONS = YES;
				CLANG_WARN_DIRECT_OBJC_ISA_USAGE = YES_ERROR;
				CLANG_WARN_DOCUMENTATION_COMMENTS = YES;
				CLANG_WARN_EMPTY_BODY = YES;
				CLANG_WARN_ENUM_CONVERSION = YES;
				CLANG_WARN_INFINITE_RECURSION = YES;
				CLANG_WARN_INT_CONVERSION = YES;
				CLANG_WARN_NON_LITERAL_NULL_CONVERSION = YES;
				CLANG_WARN_OBJC_IMPLICIT_RETAIN_SELF = YES;
				CLANG_WARN_OBJC_LITERAL_CONVERSION = YES;
				CLANG_WARN_OBJC_ROOT_CLASS = YES_ERROR;
				CLANG_WARN_QUOTED_INCLUDE_IN_FRAMEWORK_HEADER = YES;
				CLANG_WARN_RANGE_LOOP_ANALYSIS = YES;
				CLANG_WARN_STRICT_PROTOTYPES = YES;
				CLANG_WARN_SUSPICIOUS_MOVE = YES;
				CLANG_WARN_UNGUARDED_AVAILABILITY = YES_AGGRESSIVE;
				CLANG_WARN_UNREACHABLE_CODE = YES;
				CLANG_WARN__DUPLICATE_METHOD_MATCH = YES;
				COPY_PHASE_STRIP = NO;
				DEBUG_INFORMATION_FORMAT = "dwarf-with-dsym";
				ENABLE_NS_ASSERTIONS = NO;
				ENABLE_STRICT_OBJC_MSGSEND = YES;
				GCC_C_LANGUAGE_STANDARD = gnu11;
				GCC_NO_COMMON_BLOCKS = YES;
				GCC_WARN_64_TO_32_BIT_CONVERSION = YES;
				GCC_WARN_ABOUT_RETURN_TYPE = YES_ERROR;
				GCC_WARN_UNDECLARED_SELECTOR = YES;
				GCC_WARN_UNINITIALIZED_AUTOS = YES_AGGRESSIVE;
				GCC_WARN_UNUSED_FUNCTION = YES;
				GCC_WARN_UNUSED_VARIABLE = YES;
				IPHONEOS_DEPLOYMENT_TARGET = 16.4;
				MTL_ENABLE_DEBUG_INFO = NO;
				MTL_FAST_MATH = YES;
				SDKROOT = iphoneos;
				SWIFT_COMPILATION_MODE = wholemodule;
				SWIFT_OPTIMIZATION_LEVEL = "-O";
				VALIDATE_PRODUCT = YES;
			};
			name = Release;
		};
		14D6B6A52A7F919000222FB5 /* Debug */ = {
			isa = XCBuildConfiguration;
			buildSettings = {
				ASSETCATALOG_COMPILER_APPICON_NAME = AppIcon;
				ASSETCATALOG_COMPILER_GLOBAL_ACCENT_COLOR_NAME = AccentColor;
				CODE_SIGN_STYLE = Automatic;
				CURRENT_PROJECT_VERSION = 1;
				DEVELOPMENT_TEAM = 7SJZ7UMS8U;
				GENERATE_INFOPLIST_FILE = YES;
				INFOPLIST_FILE = Spotify/Info.plist;
				INFOPLIST_KEY_UIApplicationSupportsIndirectInputEvents = YES;
				INFOPLIST_KEY_UILaunchStoryboardName = LaunchScreen;
				INFOPLIST_KEY_UIMainStoryboardFile = WelcomeViewController;
				INFOPLIST_KEY_UIStatusBarStyle = UIStatusBarStyleDarkContent;
				INFOPLIST_KEY_UISupportedInterfaceOrientations_iPad = "UIInterfaceOrientationPortrait UIInterfaceOrientationPortraitUpsideDown UIInterfaceOrientationLandscapeLeft UIInterfaceOrientationLandscapeRight";
				INFOPLIST_KEY_UISupportedInterfaceOrientations_iPhone = "UIInterfaceOrientationPortrait UIInterfaceOrientationLandscapeLeft UIInterfaceOrientationLandscapeRight";
				LD_RUNPATH_SEARCH_PATHS = (
					"$(inherited)",
					"@executable_path/Frameworks",
				);
				MARKETING_VERSION = 1.0;
				PRODUCT_BUNDLE_IDENTIFIER = com.iosapps.Spotify;
				PRODUCT_NAME = "$(TARGET_NAME)";
				SWIFT_EMIT_LOC_STRINGS = YES;
				SWIFT_VERSION = 5.0;
				TARGETED_DEVICE_FAMILY = "1,2";
			};
			name = Debug;
		};
		14D6B6A62A7F919000222FB5 /* Release */ = {
			isa = XCBuildConfiguration;
			buildSettings = {
				ASSETCATALOG_COMPILER_APPICON_NAME = AppIcon;
				ASSETCATALOG_COMPILER_GLOBAL_ACCENT_COLOR_NAME = AccentColor;
				CODE_SIGN_STYLE = Automatic;
				CURRENT_PROJECT_VERSION = 1;
				DEVELOPMENT_TEAM = 7SJZ7UMS8U;
				GENERATE_INFOPLIST_FILE = YES;
				INFOPLIST_FILE = Spotify/Info.plist;
				INFOPLIST_KEY_UIApplicationSupportsIndirectInputEvents = YES;
				INFOPLIST_KEY_UILaunchStoryboardName = LaunchScreen;
				INFOPLIST_KEY_UIMainStoryboardFile = WelcomeViewController;
				INFOPLIST_KEY_UIStatusBarStyle = UIStatusBarStyleDarkContent;
				INFOPLIST_KEY_UISupportedInterfaceOrientations_iPad = "UIInterfaceOrientationPortrait UIInterfaceOrientationPortraitUpsideDown UIInterfaceOrientationLandscapeLeft UIInterfaceOrientationLandscapeRight";
				INFOPLIST_KEY_UISupportedInterfaceOrientations_iPhone = "UIInterfaceOrientationPortrait UIInterfaceOrientationLandscapeLeft UIInterfaceOrientationLandscapeRight";
				LD_RUNPATH_SEARCH_PATHS = (
					"$(inherited)",
					"@executable_path/Frameworks",
				);
				MARKETING_VERSION = 1.0;
				PRODUCT_BUNDLE_IDENTIFIER = com.iosapps.Spotify;
				PRODUCT_NAME = "$(TARGET_NAME)";
				SWIFT_EMIT_LOC_STRINGS = YES;
				SWIFT_VERSION = 5.0;
				TARGETED_DEVICE_FAMILY = "1,2";
			};
			name = Release;
		};
/* End XCBuildConfiguration section */

/* Begin XCConfigurationList section */
		14D6B68B2A7F918E00222FB5 /* Build configuration list for PBXProject "Spotify" */ = {
			isa = XCConfigurationList;
			buildConfigurations = (
				14D6B6A22A7F919000222FB5 /* Debug */,
				14D6B6A32A7F919000222FB5 /* Release */,
			);
			defaultConfigurationIsVisible = 0;
			defaultConfigurationName = Release;
		};
		14D6B6A42A7F919000222FB5 /* Build configuration list for PBXNativeTarget "Spotify" */ = {
			isa = XCConfigurationList;
			buildConfigurations = (
				14D6B6A52A7F919000222FB5 /* Debug */,
				14D6B6A62A7F919000222FB5 /* Release */,
			);
			defaultConfigurationIsVisible = 0;
			defaultConfigurationName = Release;
		};
/* End XCConfigurationList section */

/* Begin XCRemoteSwiftPackageReference section */
		14D6B7172A805E7500222FB5 /* XCRemoteSwiftPackageReference "SDWebImage" */ = {
			isa = XCRemoteSwiftPackageReference;
			repositoryURL = "https://github.com/SDWebImage/SDWebImage.git";
			requirement = {
				kind = upToNextMajorVersion;
				minimumVersion = 5.1.0;
			};
		};
		14D6B71A2A805EDC00222FB5 /* XCRemoteSwiftPackageReference "appirater" */ = {
			isa = XCRemoteSwiftPackageReference;
			repositoryURL = "https://github.com/arashpayan/appirater";
			requirement = {
				kind = upToNextMajorVersion;
				minimumVersion = 2.0.0;
			};
		};
/* End XCRemoteSwiftPackageReference section */

/* Begin XCSwiftPackageProductDependency section */
		14D6B7182A805E7500222FB5 /* SDWebImage */ = {
			isa = XCSwiftPackageProductDependency;
			package = 14D6B7172A805E7500222FB5 /* XCRemoteSwiftPackageReference "SDWebImage" */;
			productName = SDWebImage;
		};
/* End XCSwiftPackageProductDependency section */
	};
	rootObject = 14D6B6882A7F918E00222FB5 /* Project object */;
}
